
Microsoft Visual Studio Solution File, Format Version 12.00
# Visual Studio Version 17
VisualStudioVersion = 17.0.31903.59
MinimumVisualStudioVersion = 10.0.40219.1
Project("{FAE04EC0-301F-11D3-BF4B-00C04F79EFBC}") = "day15.console", "day15.console\day15.console.csproj", "{97FE1C0E-C1DA-49E4-B52C-9EC4E32385D8}"
EndProject
Global
	GlobalSection(SolutionConfigurationPlatforms) = preSolution
		Debug|Any CPU = Debug|Any CPU
		Release|Any CPU = Release|Any CPU
	EndGlobalSection
	GlobalSection(SolutionProperties) = preSolution
		HideSolutionNode = FALSE
	EndGlobalSection
	GlobalSection(ProjectConfigurationPlatforms) = postSolution
		{97FE1C0E-C1DA-49E4-B52C-9EC4E32385D8}.Debug|Any CPU.ActiveCfg = Debug|Any CPU
		{97FE1C0E-C1DA-49E4-B52C-9EC4E32385D8}.Debug|Any CPU.Build.0 = Debug|Any CPU
		{97FE1C0E-C1DA-49E4-B52C-9EC4E32385D8}.Release|Any CPU.ActiveCfg = Release|Any CPU
		{97FE1C0E-C1DA-49E4-B52C-9EC4E32385D8}.Release|Any CPU.Build.0 = Release|Any CPU
	EndGlobalSection
EndGlobal
